{
  "name": "aws-text-analysis-via-sns-post-processing",
  "version": "1.0.0",
  "lockfileVersion": 1,
  "requires": true,
  "dependencies": {
    "sentiment": {
      "version": "2.1.0",
      "resolved": "https://registry.npmjs.org/sentiment/-/sentiment-2.1.0.tgz",
      "integrity": "sha1-MyeRAMNcOFGcpeQ1JFGGxRL+D9w="
    }
  }
}
